
Microsoft Visual Studio Solution File, Format Version 12.00
# Visual Studio Version 17
VisualStudioVersion = 17.5.002.0
MinimumVisualStudioVersion = 10.0.40219.1
Project("{9A19103F-16F7-4668-BE54-9A1E7A4F7556}") = "Rot", "Rot.csproj", "{2371AFD1-FE2F-49FA-A5B4-46DE3C7A94AF}"
EndProject
Global
	GlobalSection(SolutionConfigurationPlatforms) = preSolution
		Debug|Any CPU = Debug|Any CPU
		Release|Any CPU = Release|Any CPU
	EndGlobalSection
	GlobalSection(ProjectConfigurationPlatforms) = postSolution
		{2371AFD1-FE2F-49FA-A5B4-46DE3C7A94AF}.Debug|Any CPU.ActiveCfg = Debug|Any CPU
		{2371AFD1-FE2F-49FA-A5B4-46DE3C7A94AF}.Debug|Any CPU.Build.0 = Debug|Any CPU
		{2371AFD1-FE2F-49FA-A5B4-46DE3C7A94AF}.Release|Any CPU.ActiveCfg = Release|Any CPU
		{2371AFD1-FE2F-49FA-A5B4-46DE3C7A94AF}.Release|Any CPU.Build.0 = Release|Any CPU
	EndGlobalSection
	GlobalSection(SolutionProperties) = preSolution
		HideSolutionNode = FALSE
	EndGlobalSection
	GlobalSection(ExtensibilityGlobals) = postSolution
		SolutionGuid = {E6C8DFCD-305C-402B-9B12-14E9FC5A8B50}
	EndGlobalSection
EndGlobal
